
Microsoft Visual Studio Solution File, Format Version 12.00
# Visual Studio 15
VisualStudioVersion = 15.0.28307.757
MinimumVisualStudioVersion = 10.0.40219.1
Project("{8BC9CEB8-8B4A-11D0-8D11-00A0C91BC942}") = "Client", "Client\Client.vcxproj", "{861C5C19-435D-4790-90A7-CB0C4997BF6E}"
EndProject
Project("{8BC9CEB8-8B4A-11D0-8D11-00A0C91BC942}") = "Services", "Services\Services.vcxproj", "{F5F19CE4-4DF6-4FCC-86FC-70FB7B7A6CC8}"
EndProject
Global
	GlobalSection(SolutionConfigurationPlatforms) = preSolution
		Debug|x64 = Debug|x64
		Debug|x86 = Debug|x86
		Release|x64 = Release|x64
		Release|x86 = Release|x86
	EndGlobalSection
	GlobalSection(ProjectConfigurationPlatforms) = postSolution
		{861C5C19-435D-4790-90A7-CB0C4997BF6E}.Debug|x64.ActiveCfg = Debug|x64
		{861C5C19-435D-4790-90A7-CB0C4997BF6E}.Debug|x64.Build.0 = Debug|x64
		{861C5C19-435D-4790-90A7-CB0C4997BF6E}.Debug|x86.ActiveCfg = Debug|Win32
		{861C5C19-435D-4790-90A7-CB0C4997BF6E}.Debug|x86.Build.0 = Debug|Win32
		{861C5C19-435D-4790-90A7-CB0C4997BF6E}.Release|x64.ActiveCfg = Release|x64
		{861C5C19-435D-4790-90A7-CB0C4997BF6E}.Release|x64.Build.0 = Release|x64
		{861C5C19-435D-4790-90A7-CB0C4997BF6E}.Release|x86.ActiveCfg = Release|Win32
		{861C5C19-435D-4790-90A7-CB0C4997BF6E}.Release|x86.Build.0 = Release|Win32
		{F5F19CE4-4DF6-4FCC-86FC-70FB7B7A6CC8}.Debug|x64.ActiveCfg = Debug|x64
		{F5F19CE4-4DF6-4FCC-86FC-70FB7B7A6CC8}.Debug|x64.Build.0 = Debug|x64
		{F5F19CE4-4DF6-4FCC-86FC-70FB7B7A6CC8}.Debug|x86.ActiveCfg = Debug|Win32
		{F5F19CE4-4DF6-4FCC-86FC-70FB7B7A6CC8}.Debug|x86.Build.0 = Debug|Win32
		{F5F19CE4-4DF6-4FCC-86FC-70FB7B7A6CC8}.Release|x64.ActiveCfg = Release|x64
		{F5F19CE4-4DF6-4FCC-86FC-70FB7B7A6CC8}.Release|x64.Build.0 = Release|x64
		{F5F19CE4-4DF6-4FCC-86FC-70FB7B7A6CC8}.Release|x86.ActiveCfg = Release|Win32
		{F5F19CE4-4DF6-4FCC-86FC-70FB7B7A6CC8}.Release|x86.Build.0 = Release|Win32
	EndGlobalSection
	GlobalSection(SolutionProperties) = preSolution
		HideSolutionNode = FALSE
	EndGlobalSection
	GlobalSection(ExtensibilityGlobals) = postSolution
		SolutionGuid = {5F16765A-D895-4DF6-81C7-A50FE28C5199}
	EndGlobalSection
EndGlobal
